// !$*UTF8*$!
{
	archiveVersion = 1;
	classes = {
	};
	objectVersion = 46;
	objects = {

/* Begin PBXBuildFile section */
		24353EBC1D65ACCB001CF108 /* UIControl+SZConstraintByTextInput.m in Sources */ = {isa = PBXBuildFile; fileRef = 24353EBB1D65ACCB001CF108 /* UIControl+SZConstraintByTextInput.m */; };
		2456528B1D4733CF00DBCB4F /* NSArray+SZSafeAccess.m in Sources */ = {isa = PBXBuildFile; fileRef = 2456520C1D4733CF00DBCB4F /* NSArray+SZSafeAccess.m */; };
		2456528C1D4733CF00DBCB4F /* NSBundle+SZAppVersion.m in Sources */ = {isa = PBXBuildFile; fileRef = 2456520F1D4733CF00DBCB4F /* NSBundle+SZAppVersion.m */; };
		2456528D1D4733CF00DBCB4F /* NSData+SZBase64.m in Sources */ = {isa = PBXBuildFile; fileRef = 245652121D4733CF00DBCB4F /* NSData+SZBase64.m */; };
		2456528E1D4733CF00DBCB4F /* NSData+SZHash.m in Sources */ = {isa = PBXBuildFile; fileRef = 245652141D4733CF00DBCB4F /* NSData+SZHash.m */; };
		2456528F1D4733CF00DBCB4F /* NSDate+Helper.m in Sources */ = {isa = PBXBuildFile; fileRef = 245652171D4733CF00DBCB4F /* NSDate+Helper.m */; };
		245652901D4733CF00DBCB4F /* NSDictionary+SZSafeAccess.m in Sources */ = {isa = PBXBuildFile; fileRef = 2456521A1D4733CF00DBCB4F /* NSDictionary+SZSafeAccess.m */; };
		245652911D4733CF00DBCB4F /* NSFileManager+SZPaths.m in Sources */ = {isa = PBXBuildFile; fileRef = 2456521D1D4733CF00DBCB4F /* NSFileManager+SZPaths.m */; };
		245652921D4733CF00DBCB4F /* NSNumber+SZRound.m in Sources */ = {isa = PBXBuildFile; fileRef = 245652201D4733CF00DBCB4F /* NSNumber+SZRound.m */; };
		245652931D4733CF00DBCB4F /* NSObject+SZAssociatedObject.m in Sources */ = {isa = PBXBuildFile; fileRef = 245652231D4733CF00DBCB4F /* NSObject+SZAssociatedObject.m */; };
		245652941D4733CF00DBCB4F /* NSObject+SZProperty.m in Sources */ = {isa = PBXBuildFile; fileRef = 245652251D4733CF00DBCB4F /* NSObject+SZProperty.m */; };
		245652951D4733CF00DBCB4F /* NSObject+SZTimeProfile.m in Sources */ = {isa = PBXBuildFile; fileRef = 245652271D4733CF00DBCB4F /* NSObject+SZTimeProfile.m */; };
		245652961D4733CF00DBCB4F /* NSString+SZBase64.m in Sources */ = {isa = PBXBuildFile; fileRef = 2456522A1D4733CF00DBCB4F /* NSString+SZBase64.m */; };
		245652971D4733CF00DBCB4F /* NSString+SZDigital.m in Sources */ = {isa = PBXBuildFile; fileRef = 2456522C1D4733CF00DBCB4F /* NSString+SZDigital.m */; };
		245652981D4733CF00DBCB4F /* NSString+SZHash.m in Sources */ = {isa = PBXBuildFile; fileRef = 2456522E1D4733CF00DBCB4F /* NSString+SZHash.m */; };
		245652991D4733CF00DBCB4F /* NSString+SZHTMLText.m in Sources */ = {isa = PBXBuildFile; fileRef = 245652301D4733CF00DBCB4F /* NSString+SZHTMLText.m */; };
		2456529A1D4733CF00DBCB4F /* NSString+SZMD5.m in Sources */ = {isa = PBXBuildFile; fileRef = 245652321D4733CF00DBCB4F /* NSString+SZMD5.m */; };
		2456529B1D4733CF00DBCB4F /* NSString+SZNull.m in Sources */ = {isa = PBXBuildFile; fileRef = 245652341D4733CF00DBCB4F /* NSString+SZNull.m */; };
		2456529C1D4733CF00DBCB4F /* NSString+SZRegexCategory.m in Sources */ = {isa = PBXBuildFile; fileRef = 245652361D4733CF00DBCB4F /* NSString+SZRegexCategory.m */; };
		2456529D1D4733CF00DBCB4F /* NSString+SZTrims.m in Sources */ = {isa = PBXBuildFile; fileRef = 245652381D4733CF00DBCB4F /* NSString+SZTrims.m */; };
		2456529E1D4733CF00DBCB4F /* NSString+SZUrlEncode.m in Sources */ = {isa = PBXBuildFile; fileRef = 2456523A1D4733CF00DBCB4F /* NSString+SZUrlEncode.m */; };
		2456529F1D4733CF00DBCB4F /* NSString+SZUtil.m in Sources */ = {isa = PBXBuildFile; fileRef = 2456523C1D4733CF00DBCB4F /* NSString+SZUtil.m */; };
		245652A01D4733CF00DBCB4F /* UIButton+SZBackgroundColor.m in Sources */ = {isa = PBXBuildFile; fileRef = 245652431D4733CF00DBCB4F /* UIButton+SZBackgroundColor.m */; };
		245652A11D4733CF00DBCB4F /* UIButton+SZCountDown.m in Sources */ = {isa = PBXBuildFile; fileRef = 245652451D4733CF00DBCB4F /* UIButton+SZCountDown.m */; };
		245652A21D4733CF00DBCB4F /* UIColor+SZGradient.m in Sources */ = {isa = PBXBuildFile; fileRef = 245652481D4733CF00DBCB4F /* UIColor+SZGradient.m */; };
		245652A31D4733CF00DBCB4F /* UIColor+SZHEX.m in Sources */ = {isa = PBXBuildFile; fileRef = 2456524A1D4733CF00DBCB4F /* UIColor+SZHEX.m */; };
		245652A41D4733CF00DBCB4F /* UIColor+SZRandom.m in Sources */ = {isa = PBXBuildFile; fileRef = 2456524C1D4733CF00DBCB4F /* UIColor+SZRandom.m */; };
		245652A51D4733CF00DBCB4F /* UIFont+SZPrintAllFonts.m in Sources */ = {isa = PBXBuildFile; fileRef = 2456524F1D4733CF00DBCB4F /* UIFont+SZPrintAllFonts.m */; };
		245652A61D4733CF00DBCB4F /* UIImage+SZColorCreate.m in Sources */ = {isa = PBXBuildFile; fileRef = 245652521D4733CF00DBCB4F /* UIImage+SZColorCreate.m */; };
		245652A71D4733CF00DBCB4F /* UIImage+SZMerge.m in Sources */ = {isa = PBXBuildFile; fileRef = 245652541D4733CF00DBCB4F /* UIImage+SZMerge.m */; };
		245652A81D4733CF00DBCB4F /* UILabel+SZSuggestSize.m in Sources */ = {isa = PBXBuildFile; fileRef = 245652571D4733CF00DBCB4F /* UILabel+SZSuggestSize.m */; };
		245652A91D4733CF00DBCB4F /* UINavigationController+SZStackManager.m in Sources */ = {isa = PBXBuildFile; fileRef = 2456525A1D4733CF00DBCB4F /* UINavigationController+SZStackManager.m */; };
		245652AA1D4733CF00DBCB4F /* UIResponder+SZChain.m in Sources */ = {isa = PBXBuildFile; fileRef = 2456525D1D4733CF00DBCB4F /* UIResponder+SZChain.m */; };
		245652AB1D4733CF00DBCB4F /* UIScrollView+SZDirection.m in Sources */ = {isa = PBXBuildFile; fileRef = 245652601D4733CF00DBCB4F /* UIScrollView+SZDirection.m */; };
		245652AC1D4733CF00DBCB4F /* UIScrollView+SZHasButton.m in Sources */ = {isa = PBXBuildFile; fileRef = 245652621D4733CF00DBCB4F /* UIScrollView+SZHasButton.m */; };
		245652AD1D4733CF00DBCB4F /* UITableViewCell+SZFindTableView.m in Sources */ = {isa = PBXBuildFile; fileRef = 245652651D4733CF00DBCB4F /* UITableViewCell+SZFindTableView.m */; };
		245652AE1D4733CF00DBCB4F /* UITextField+SZSelect.m in Sources */ = {isa = PBXBuildFile; fileRef = 245652681D4733CF00DBCB4F /* UITextField+SZSelect.m */; };
		245652AF1D4733CF00DBCB4F /* UITextView+SZSelect.m in Sources */ = {isa = PBXBuildFile; fileRef = 2456526B1D4733CF00DBCB4F /* UITextView+SZSelect.m */; };
		245652B01D4733CF00DBCB4F /* UIView+SZAlignment.m in Sources */ = {isa = PBXBuildFile; fileRef = 2456526E1D4733CF00DBCB4F /* UIView+SZAlignment.m */; };
		245652B11D4733CF00DBCB4F /* UIView+SZcaptureImage.m in Sources */ = {isa = PBXBuildFile; fileRef = 245652701D4733CF00DBCB4F /* UIView+SZcaptureImage.m */; };
		245652B21D4733CF00DBCB4F /* UIView+SZFrameHelper.m in Sources */ = {isa = PBXBuildFile; fileRef = 245652721D4733CF00DBCB4F /* UIView+SZFrameHelper.m */; };
		245652B31D4733CF00DBCB4F /* UIView+SZmimicKeyboard.m in Sources */ = {isa = PBXBuildFile; fileRef = 245652741D4733CF00DBCB4F /* UIView+SZmimicKeyboard.m */; };
		245652B41D4733CF00DBCB4F /* UIView+SZNib.m in Sources */ = {isa = PBXBuildFile; fileRef = 245652761D4733CF00DBCB4F /* UIView+SZNib.m */; };
		245652B51D4733CF00DBCB4F /* UIView+SZRecursiveDescription.m in Sources */ = {isa = PBXBuildFile; fileRef = 245652781D4733CF00DBCB4F /* UIView+SZRecursiveDescription.m */; };
		245652B61D4733CF00DBCB4F /* UIView+SZTouchAreaExtend.m in Sources */ = {isa = PBXBuildFile; fileRef = 2456527A1D4733CF00DBCB4F /* UIView+SZTouchAreaExtend.m */; };
		245652B71D4733CF00DBCB4F /* UIView+SZViewController.m in Sources */ = {isa = PBXBuildFile; fileRef = 2456527C1D4733CF00DBCB4F /* UIView+SZViewController.m */; };
		245652B81D4733CF00DBCB4F /* UIView+SZVisuals.m in Sources */ = {isa = PBXBuildFile; fileRef = 2456527E1D4733CF00DBCB4F /* UIView+SZVisuals.m */; };
		245652B91D4733CF00DBCB4F /* UIViewController+SZAlertSheet.m in Sources */ = {isa = PBXBuildFile; fileRef = 245652811D4733CF00DBCB4F /* UIViewController+SZAlertSheet.m */; };
		245652BA1D4733CF00DBCB4F /* UIViewController+SZStoryboard.m in Sources */ = {isa = PBXBuildFile; fileRef = 245652831D4733CF00DBCB4F /* UIViewController+SZStoryboard.m */; };
		245652BB1D4733CF00DBCB4F /* UIViewController+SZTakeOrPickPhoto.m in Sources */ = {isa = PBXBuildFile; fileRef = 245652851D4733CF00DBCB4F /* UIViewController+SZTakeOrPickPhoto.m */; };
		245652BC1D4733CF00DBCB4F /* UIViewController+SZVisible.m in Sources */ = {isa = PBXBuildFile; fileRef = 245652871D4733CF00DBCB4F /* UIViewController+SZVisible.m */; };
		245652BD1D4733CF00DBCB4F /* UIWindow+SZHierarchy.m in Sources */ = {isa = PBXBuildFile; fileRef = 2456528A1D4733CF00DBCB4F /* UIWindow+SZHierarchy.m */; };
		245652C01D473BDE00DBCB4F /* NSString+SZFilePath.m in Sources */ = {isa = PBXBuildFile; fileRef = 245652BF1D473BDE00DBCB4F /* NSString+SZFilePath.m */; };
		247542991D19202C0081B821 /* main.m in Sources */ = {isa = PBXBuildFile; fileRef = 247542981D19202C0081B821 /* main.m */; };
		2475429C1D19202D0081B821 /* AppDelegate.m in Sources */ = {isa = PBXBuildFile; fileRef = 2475429B1D19202D0081B821 /* AppDelegate.m */; };
		2475429F1D19202D0081B821 /* ViewController.m in Sources */ = {isa = PBXBuildFile; fileRef = 2475429E1D19202D0081B821 /* ViewController.m */; };
		247542A21D19202D0081B821 /* Main.storyboard in Resources */ = {isa = PBXBuildFile; fileRef = 247542A01D19202D0081B821 /* Main.storyboard */; };
		247542A41D19202D0081B821 /* Assets.xcassets in Resources */ = {isa = PBXBuildFile; fileRef = 247542A31D19202D0081B821 /* Assets.xcassets */; };
		247542A71D19202D0081B821 /* LaunchScreen.storyboard in Resources */ = {isa = PBXBuildFile; fileRef = 247542A51D19202D0081B821 /* LaunchScreen.storyboard */; };
		247542B21D19202D0081B821 /* DemoTests.m in Sources */ = {isa = PBXBuildFile; fileRef = 247542B11D19202D0081B821 /* DemoTests.m */; };
		247542BD1D19202D0081B821 /* DemoUITests.m in Sources */ = {isa = PBXBuildFile; fileRef = 247542BC1D19202D0081B821 /* DemoUITests.m */; };
		24BC06A31D76D28A00361C79 /* NSString+SZMoney.m in Sources */ = {isa = PBXBuildFile; fileRef = 24BC06A21D76D28A00361C79 /* NSString+SZMoney.m */; };
		24D3B6101D503E3100A1C01C /* NSObject+SZNotification.m in Sources */ = {isa = PBXBuildFile; fileRef = 24D3B60F1D503E3100A1C01C /* NSObject+SZNotification.m */; };
		24D3B6131D50400E00A1C01C /* NSObject+SZKVO.m in Sources */ = {isa = PBXBuildFile; fileRef = 24D3B6121D50400E00A1C01C /* NSObject+SZKVO.m */; };
/* End PBXBuildFile section */

/* Begin PBXContainerItemProxy section */
		247542AE1D19202D0081B821 /* PBXContainerItemProxy */ = {
			isa = PBXContainerItemProxy;
			containerPortal = 2475428C1D19202C0081B821 /* Project object */;
			proxyType = 1;
			remoteGlobalIDString = 247542931D19202C0081B821;
			remoteInfo = Demo;
		};
		247542B91D19202D0081B821 /* PBXContainerItemProxy */ = {
			isa = PBXContainerItemProxy;
			containerPortal = 2475428C1D19202C0081B821 /* Project object */;
			proxyType = 1;
			remoteGlobalIDString = 247542931D19202C0081B821;
			remoteInfo = Demo;
		};
/* End PBXContainerItemProxy section */

/* Begin PBXFileReference section */
		24353EBA1D65ACCB001CF108 /* UIControl+SZConstraintByTextInput.h */ = {isa = PBXFileReference; fileEncoding = 4; lastKnownFileType = sourcecode.c.h; path = "UIControl+SZConstraintByTextInput.h"; sourceTree = "<group>"; };
		24353EBB1D65ACCB001CF108 /* UIControl+SZConstraintByTextInput.m */ = {isa = PBXFileReference; fileEncoding = 4; lastKnownFileType = sourcecode.c.objc; path = "UIControl+SZConstraintByTextInput.m"; sourceTree = "<group>"; };
		2456520B1D4733CF00DBCB4F /* NSArray+SZSafeAccess.h */ = {isa = PBXFileReference; fileEncoding = 4; lastKnownFileType = sourcecode.c.h; path = "NSArray+SZSafeAccess.h"; sourceTree = "<group>"; };
		2456520C1D4733CF00DBCB4F /* NSArray+SZSafeAccess.m */ = {isa = PBXFileReference; fileEncoding = 4; lastKnownFileType = sourcecode.c.objc; path = "NSArray+SZSafeAccess.m"; sourceTree = "<group>"; };
		2456520E1D4733CF00DBCB4F /* NSBundle+SZAppVersion.h */ = {isa = PBXFileReference; fileEncoding = 4; lastKnownFileType = sourcecode.c.h; path = "NSBundle+SZAppVersion.h"; sourceTree = "<group>"; };
		2456520F1D4733CF00DBCB4F /* NSBundle+SZAppVersion.m */ = {isa = PBXFileReference; fileEncoding = 4; lastKnownFileType = sourcecode.c.objc; path = "NSBundle+SZAppVersion.m"; sourceTree = "<group>"; };
		245652111D4733CF00DBCB4F /* NSData+SZBase64.h */ = {isa = PBXFileReference; fileEncoding = 4; lastKnownFileType = sourcecode.c.h; path = "NSData+SZBase64.h"; sourceTree = "<group>"; };
		245652121D4733CF00DBCB4F /* NSData+SZBase64.m */ = {isa = PBXFileReference; fileEncoding = 4; lastKnownFileType = sourcecode.c.objc; path = "NSData+SZBase64.m"; sourceTree = "<group>"; };
		245652131D4733CF00DBCB4F /* NSData+SZHash.h */ = {isa = PBXFileReference; fileEncoding = 4; lastKnownFileType = sourcecode.c.h; path = "NSData+SZHash.h"; sourceTree = "<group>"; };
		245652141D4733CF00DBCB4F /* NSData+SZHash.m */ = {isa = PBXFileReference; fileEncoding = 4; lastKnownFileType = sourcecode.c.objc; path = "NSData+SZHash.m"; sourceTree = "<group>"; };
		245652161D4733CF00DBCB4F /* NSDate+Helper.h */ = {isa = PBXFileReference; fileEncoding = 4; lastKnownFileType = sourcecode.c.h; path = "NSDate+Helper.h"; sourceTree = "<group>"; };
		245652171D4733CF00DBCB4F /* NSDate+Helper.m */ = {isa = PBXFileReference; fileEncoding = 4; lastKnownFileType = sourcecode.c.objc; path = "NSDate+Helper.m"; sourceTree = "<group>"; };
		245652191D4733CF00DBCB4F /* NSDictionary+SZSafeAccess.h */ = {isa = PBXFileReference; fileEncoding = 4; lastKnownFileType = sourcecode.c.h; path = "NSDictionary+SZSafeAccess.h"; sourceTree = "<group>"; };
		2456521A1D4733CF00DBCB4F /* NSDictionary+SZSafeAccess.m */ = {isa = PBXFileReference; fileEncoding = 4; lastKnownFileType = sourcecode.c.objc; path = "NSDictionary+SZSafeAccess.m"; sourceTree = "<group>"; };
		2456521C1D4733CF00DBCB4F /* NSFileManager+SZPaths.h */ = {isa = PBXFileReference; fileEncoding = 4; lastKnownFileType = sourcecode.c.h; path = "NSFileManager+SZPaths.h"; sourceTree = "<group>"; };
		2456521D1D4733CF00DBCB4F /* NSFileManager+SZPaths.m */ = {isa = PBXFileReference; fileEncoding = 4; lastKnownFileType = sourcecode.c.objc; path = "NSFileManager+SZPaths.m"; sourceTree = "<group>"; };
		2456521F1D4733CF00DBCB4F /* NSNumber+SZRound.h */ = {isa = PBXFileReference; fileEncoding = 4; lastKnownFileType = sourcecode.c.h; path = "NSNumber+SZRound.h"; sourceTree = "<group>"; };
		245652201D4733CF00DBCB4F /* NSNumber+SZRound.m */ = {isa = PBXFileReference; fileEncoding = 4; lastKnownFileType = sourcecode.c.objc; path = "NSNumber+SZRound.m"; sourceTree = "<group>"; };
		245652221D4733CF00DBCB4F /* NSObject+SZAssociatedObject.h */ = {isa = PBXFileReference; fileEncoding = 4; lastKnownFileType = sourcecode.c.h; path = "NSObject+SZAssociatedObject.h"; sourceTree = "<group>"; };
		245652231D4733CF00DBCB4F /* NSObject+SZAssociatedObject.m */ = {isa = PBXFileReference; fileEncoding = 4; lastKnownFileType = sourcecode.c.objc; path = "NSObject+SZAssociatedObject.m"; sourceTree = "<group>"; };
		245652241D4733CF00DBCB4F /* NSObject+SZProperty.h */ = {isa = PBXFileReference; fileEncoding = 4; lastKnownFileType = sourcecode.c.h; path = "NSObject+SZProperty.h"; sourceTree = "<group>"; };
		245652251D4733CF00DBCB4F /* NSObject+SZProperty.m */ = {isa = PBXFileReference; fileEncoding = 4; lastKnownFileType = sourcecode.c.objc; path = "NSObject+SZProperty.m"; sourceTree = "<group>"; };
		245652261D4733CF00DBCB4F /* NSObject+SZTimeProfile.h */ = {isa = PBXFileReference; fileEncoding = 4; lastKnownFileType = sourcecode.c.h; path = "NSObject+SZTimeProfile.h"; sourceTree = "<group>"; };
		245652271D4733CF00DBCB4F /* NSObject+SZTimeProfile.m */ = {isa = PBXFileReference; fileEncoding = 4; lastKnownFileType = sourcecode.c.objc; path = "NSObject+SZTimeProfile.m"; sourceTree = "<group>"; };
		245652291D4733CF00DBCB4F /* NSString+SZBase64.h */ = {isa = PBXFileReference; fileEncoding = 4; lastKnownFileType = sourcecode.c.h; path = "NSString+SZBase64.h"; sourceTree = "<group>"; };
		2456522A1D4733CF00DBCB4F /* NSString+SZBase64.m */ = {isa = PBXFileReference; fileEncoding = 4; lastKnownFileType = sourcecode.c.objc; path = "NSString+SZBase64.m"; sourceTree = "<group>"; };
		2456522B1D4733CF00DBCB4F /* NSString+SZDigital.h */ = {isa = PBXFileReference; fileEncoding = 4; lastKnownFileType = sourcecode.c.h; path = "NSString+SZDigital.h"; sourceTree = "<group>"; };
		2456522C1D4733CF00DBCB4F /* NSString+SZDigital.m */ = {isa = PBXFileReference; fileEncoding = 4; lastKnownFileType = sourcecode.c.objc; path = "NSString+SZDigital.m"; sourceTree = "<group>"; };
		2456522D1D4733CF00DBCB4F /* NSString+SZHash.h */ = {isa = PBXFileReference; fileEncoding = 4; lastKnownFileType = sourcecode.c.h; path = "NSString+SZHash.h"; sourceTree = "<group>"; };
		2456522E1D4733CF00DBCB4F /* NSString+SZHash.m */ = {isa = PBXFileReference; fileEncoding = 4; lastKnownFileType = sourcecode.c.objc; path = "NSString+SZHash.m"; sourceTree = "<group>"; };
		2456522F1D4733CF00DBCB4F /* NSString+SZHTMLText.h */ = {isa = PBXFileReference; fileEncoding = 4; lastKnownFileType = sourcecode.c.h; path = "NSString+SZHTMLText.h"; sourceTree = "<group>"; };
		245652301D4733CF00DBCB4F /* NSString+SZHTMLText.m */ = {isa = PBXFileReference; fileEncoding = 4; lastKnownFileType = sourcecode.c.objc; path = "NSString+SZHTMLText.m"; sourceTree = "<group>"; };
		245652311D4733CF00DBCB4F /* NSString+SZMD5.h */ = {isa = PBXFileReference; fileEncoding = 4; lastKnownFileType = sourcecode.c.h; path = "NSString+SZMD5.h"; sourceTree = "<group>"; };
		245652321D4733CF00DBCB4F /* NSString+SZMD5.m */ = {isa = PBXFileReference; fileEncoding = 4; lastKnownFileType = sourcecode.c.objc; path = "NSString+SZMD5.m"; sourceTree = "<group>"; };
		245652331D4733CF00DBCB4F /* NSString+SZNull.h */ = {isa = PBXFileReference; fileEncoding = 4; lastKnownFileType = sourcecode.c.h; path = "NSString+SZNull.h"; sourceTree = "<group>"; };
		245652341D4733CF00DBCB4F /* NSString+SZNull.m */ = {isa = PBXFileReference; fileEncoding = 4; lastKnownFileType = sourcecode.c.objc; path = "NSString+SZNull.m"; sourceTree = "<group>"; };
		245652351D4733CF00DBCB4F /* NSString+SZRegexCategory.h */ = {isa = PBXFileReference; fileEncoding = 4; lastKnownFileType = sourcecode.c.h; path = "NSString+SZRegexCategory.h"; sourceTree = "<group>"; };
		245652361D4733CF00DBCB4F /* NSString+SZRegexCategory.m */ = {isa = PBXFileReference; fileEncoding = 4; lastKnownFileType = sourcecode.c.objc; path = "NSString+SZRegexCategory.m"; sourceTree = "<group>"; };
		245652371D4733CF00DBCB4F /* NSString+SZTrims.h */ = {isa = PBXFileReference; fileEncoding = 4; lastKnownFileType = sourcecode.c.h; path = "NSString+SZTrims.h"; sourceTree = "<group>"; };
		245652381D4733CF00DBCB4F /* NSString+SZTrims.m */ = {isa = PBXFileReference; fileEncoding = 4; lastKnownFileType = sourcecode.c.objc; path = "NSString+SZTrims.m"; sourceTree = "<group>"; };
		245652391D4733CF00DBCB4F /* NSString+SZUrlEncode.h */ = {isa = PBXFileReference; fileEncoding = 4; lastKnownFileType = sourcecode.c.h; path = "NSString+SZUrlEncode.h"; sourceTree = "<group>"; };
		2456523A1D4733CF00DBCB4F /* NSString+SZUrlEncode.m */ = {isa = PBXFileReference; fileEncoding = 4; lastKnownFileType = sourcecode.c.objc; path = "NSString+SZUrlEncode.m"; sourceTree = "<group>"; };
		2456523B1D4733CF00DBCB4F /* NSString+SZUtil.h */ = {isa = PBXFileReference; fileEncoding = 4; lastKnownFileType = sourcecode.c.h; path = "NSString+SZUtil.h"; sourceTree = "<group>"; };
		2456523C1D4733CF00DBCB4F /* NSString+SZUtil.m */ = {isa = PBXFileReference; fileEncoding = 4; lastKnownFileType = sourcecode.c.objc; path = "NSString+SZUtil.m"; sourceTree = "<group>"; };
		2456523D1D4733CF00DBCB4F /* SZFoundation.h */ = {isa = PBXFileReference; fileEncoding = 4; lastKnownFileType = sourcecode.c.h; path = SZFoundation.h; sourceTree = "<group>"; };
		2456523E1D4733CF00DBCB4F /* SZCategories.h */ = {isa = PBXFileReference; fileEncoding = 4; lastKnownFileType = sourcecode.c.h; path = SZCategories.h; sourceTree = "<group>"; };
		245652401D4733CF00DBCB4F /* SZUIKit.h */ = {isa = PBXFileReference; fileEncoding = 4; lastKnownFileType = sourcecode.c.h; path = SZUIKit.h; sourceTree = "<group>"; };
		245652421D4733CF00DBCB4F /* UIButton+SZBackgroundColor.h */ = {isa = PBXFileReference; fileEncoding = 4; lastKnownFileType = sourcecode.c.h; path = "UIButton+SZBackgroundColor.h"; sourceTree = "<group>"; };
		245652431D4733CF00DBCB4F /* UIButton+SZBackgroundColor.m */ = {isa = PBXFileReference; fileEncoding = 4; lastKnownFileType = sourcecode.c.objc; path = "UIButton+SZBackgroundColor.m"; sourceTree = "<group>"; };
		245652441D4733CF00DBCB4F /* UIButton+SZCountDown.h */ = {isa = PBXFileReference; fileEncoding = 4; lastKnownFileType = sourcecode.c.h; path = "UIButton+SZCountDown.h"; sourceTree = "<group>"; };
		245652451D4733CF00DBCB4F /* UIButton+SZCountDown.m */ = {isa = PBXFileReference; fileEncoding = 4; lastKnownFileType = sourcecode.c.objc; path = "UIButton+SZCountDown.m"; sourceTree = "<group>"; };
		245652471D4733CF00DBCB4F /* UIColor+SZGradient.h */ = {isa = PBXFileReference; fileEncoding = 4; lastKnownFileType = sourcecode.c.h; path = "UIColor+SZGradient.h"; sourceTree = "<group>"; };
		245652481D4733CF00DBCB4F /* UIColor+SZGradient.m */ = {isa = PBXFileReference; fileEncoding = 4; lastKnownFileType = sourcecode.c.objc; path = "UIColor+SZGradient.m"; sourceTree = "<group>"; };
		245652491D4733CF00DBCB4F /* UIColor+SZHEX.h */ = {isa = PBXFileReference; fileEncoding = 4; lastKnownFileType = sourcecode.c.h; path = "UIColor+SZHEX.h"; sourceTree = "<group>"; };
		2456524A1D4733CF00DBCB4F /* UIColor+SZHEX.m */ = {isa = PBXFileReference; fileEncoding = 4; lastKnownFileType = sourcecode.c.objc; path = "UIColor+SZHEX.m"; sourceTree = "<group>"; };
		2456524B1D4733CF00DBCB4F /* UIColor+SZRandom.h */ = {isa = PBXFileReference; fileEncoding = 4; lastKnownFileType = sourcecode.c.h; path = "UIColor+SZRandom.h"; sourceTree = "<group>"; };
		2456524C1D4733CF00DBCB4F /* UIColor+SZRandom.m */ = {isa = PBXFileReference; fileEncoding = 4; lastKnownFileType = sourcecode.c.objc; path = "UIColor+SZRandom.m"; sourceTree = "<group>"; };
		2456524E1D4733CF00DBCB4F /* UIFont+SZPrintAllFonts.h */ = {isa = PBXFileReference; fileEncoding = 4; lastKnownFileType = sourcecode.c.h; path = "UIFont+SZPrintAllFonts.h"; sourceTree = "<group>"; };
		2456524F1D4733CF00DBCB4F /* UIFont+SZPrintAllFonts.m */ = {isa = PBXFileReference; fileEncoding = 4; lastKnownFileType = sourcecode.c.objc; path = "UIFont+SZPrintAllFonts.m"; sourceTree = "<group>"; };
		245652511D4733CF00DBCB4F /* UIImage+SZColorCreate.h */ = {isa = PBXFileReference; fileEncoding = 4; lastKnownFileType = sourcecode.c.h; path = "UIImage+SZColorCreate.h"; sourceTree = "<group>"; };
		245652521D4733CF00DBCB4F /* UIImage+SZColorCreate.m */ = {isa = PBXFileReference; fileEncoding = 4; lastKnownFileType = sourcecode.c.objc; path = "UIImage+SZColorCreate.m"; sourceTree = "<group>"; };
		245652531D4733CF00DBCB4F /* UIImage+SZMerge.h */ = {isa = PBXFileReference; fileEncoding = 4; lastKnownFileType = sourcecode.c.h; path = "UIImage+SZMerge.h"; sourceTree = "<group>"; };
		245652541D4733CF00DBCB4F /* UIImage+SZMerge.m */ = {isa = PBXFileReference; fileEncoding = 4; lastKnownFileType = sourcecode.c.objc; path = "UIImage+SZMerge.m"; sourceTree = "<group>"; };
		245652561D4733CF00DBCB4F /* UILabel+SZSuggestSize.h */ = {isa = PBXFileReference; fileEncoding = 4; lastKnownFileType = sourcecode.c.h; path = "UILabel+SZSuggestSize.h"; sourceTree = "<group>"; };
		245652571D4733CF00DBCB4F /* UILabel+SZSuggestSize.m */ = {isa = PBXFileReference; fileEncoding = 4; lastKnownFileType = sourcecode.c.objc; path = "UILabel+SZSuggestSize.m"; sourceTree = "<group>"; };
		245652591D4733CF00DBCB4F /* UINavigationController+SZStackManager.h */ = {isa = PBXFileReference; fileEncoding = 4; lastKnownFileType = sourcecode.c.h; path = "UINavigationController+SZStackManager.h"; sourceTree = "<group>"; };
		2456525A1D4733CF00DBCB4F /* UINavigationController+SZStackManager.m */ = {isa = PBXFileReference; fileEncoding = 4; lastKnownFileType = sourcecode.c.objc; path = "UINavigationController+SZStackManager.m"; sourceTree = "<group>"; };
		2456525C1D4733CF00DBCB4F /* UIResponder+SZChain.h */ = {isa = PBXFileReference; fileEncoding = 4; lastKnownFileType = sourcecode.c.h; path = "UIResponder+SZChain.h"; sourceTree = "<group>"; };
		2456525D1D4733CF00DBCB4F /* UIResponder+SZChain.m */ = {isa = PBXFileReference; fileEncoding = 4; lastKnownFileType = sourcecode.c.objc; path = "UIResponder+SZChain.m"; sourceTree = "<group>"; };
		2456525F1D4733CF00DBCB4F /* UIScrollView+SZDirection.h */ = {isa = PBXFileReference; fileEncoding = 4; lastKnownFileType = sourcecode.c.h; path = "UIScrollView+SZDirection.h"; sourceTree = "<group>"; };
		245652601D4733CF00DBCB4F /* UIScrollView+SZDirection.m */ = {isa = PBXFileReference; fileEncoding = 4; lastKnownFileType = sourcecode.c.objc; path = "UIScrollView+SZDirection.m"; sourceTree = "<group>"; };
		245652611D4733CF00DBCB4F /* UIScrollView+SZHasButton.h */ = {isa = PBXFileReference; fileEncoding = 4; lastKnownFileType = sourcecode.c.h; path = "UIScrollView+SZHasButton.h"; sourceTree = "<group>"; };
		245652621D4733CF00DBCB4F /* UIScrollView+SZHasButton.m */ = {isa = PBXFileReference; fileEncoding = 4; lastKnownFileType = sourcecode.c.objc; path = "UIScrollView+SZHasButton.m"; sourceTree = "<group>"; };
		245652641D4733CF00DBCB4F /* UITableViewCell+SZFindTableView.h */ = {isa = PBXFileReference; fileEncoding = 4; lastKnownFileType = sourcecode.c.h; path = "UITableViewCell+SZFindTableView.h"; sourceTree = "<group>"; };
		245652651D4733CF00DBCB4F /* UITableViewCell+SZFindTableView.m */ = {isa = PBXFileReference; fileEncoding = 4; lastKnownFileType = sourcecode.c.objc; path = "UITableViewCell+SZFindTableView.m"; sourceTree = "<group>"; };
		245652671D4733CF00DBCB4F /* UITextField+SZSelect.h */ = {isa = PBXFileReference; fileEncoding = 4; lastKnownFileType = sourcecode.c.h; path = "UITextField+SZSelect.h"; sourceTree = "<group>"; };
		245652681D4733CF00DBCB4F /* UITextField+SZSelect.m */ = {isa = PBXFileReference; fileEncoding = 4; lastKnownFileType = sourcecode.c.objc; path = "UITextField+SZSelect.m"; sourceTree = "<group>"; };
		2456526A1D4733CF00DBCB4F /* UITextView+SZSelect.h */ = {isa = PBXFileReference; fileEncoding = 4; lastKnownFileType = sourcecode.c.h; path = "UITextView+SZSelect.h"; sourceTree = "<group>"; };
		2456526B1D4733CF00DBCB4F /* UITextView+SZSelect.m */ = {isa = PBXFileReference; fileEncoding = 4; lastKnownFileType = sourcecode.c.objc; path = "UITextView+SZSelect.m"; sourceTree = "<group>"; };
		2456526D1D4733CF00DBCB4F /* UIView+SZAlignment.h */ = {isa = PBXFileReference; fileEncoding = 4; lastKnownFileType = sourcecode.c.h; path = "UIView+SZAlignment.h"; sourceTree = "<group>"; };
		2456526E1D4733CF00DBCB4F /* UIView+SZAlignment.m */ = {isa = PBXFileReference; fileEncoding = 4; lastKnownFileType = sourcecode.c.objc; path = "UIView+SZAlignment.m"; sourceTree = "<group>"; };
		2456526F1D4733CF00DBCB4F /* UIView+SZcaptureImage.h */ = {isa = PBXFileReference; fileEncoding = 4; lastKnownFileType = sourcecode.c.h; path = "UIView+SZcaptureImage.h"; sourceTree = "<group>"; };
		245652701D4733CF00DBCB4F /* UIView+SZcaptureImage.m */ = {isa = PBXFileReference; fileEncoding = 4; lastKnownFileType = sourcecode.c.objc; path = "UIView+SZcaptureImage.m"; sourceTree = "<group>"; };
		245652711D4733CF00DBCB4F /* UIView+SZFrameHelper.h */ = {isa = PBXFileReference; fileEncoding = 4; lastKnownFileType = sourcecode.c.h; path = "UIView+SZFrameHelper.h"; sourceTree = "<group>"; };
		245652721D4733CF00DBCB4F /* UIView+SZFrameHelper.m */ = {isa = PBXFileReference; fileEncoding = 4; lastKnownFileType = sourcecode.c.objc; path = "UIView+SZFrameHelper.m"; sourceTree = "<group>"; };
		245652731D4733CF00DBCB4F /* UIView+SZmimicKeyboard.h */ = {isa = PBXFileReference; fileEncoding = 4; lastKnownFileType = sourcecode.c.h; path = "UIView+SZmimicKeyboard.h"; sourceTree = "<group>"; };
		245652741D4733CF00DBCB4F /* UIView+SZmimicKeyboard.m */ = {isa = PBXFileReference; fileEncoding = 4; lastKnownFileType = sourcecode.c.objc; path = "UIView+SZmimicKeyboard.m"; sourceTree = "<group>"; };
		245652751D4733CF00DBCB4F /* UIView+SZNib.h */ = {isa = PBXFileReference; fileEncoding = 4; lastKnownFileType = sourcecode.c.h; path = "UIView+SZNib.h"; sourceTree = "<group>"; };
		245652761D4733CF00DBCB4F /* UIView+SZNib.m */ = {isa = PBXFileReference; fileEncoding = 4; lastKnownFileType = sourcecode.c.objc; path = "UIView+SZNib.m"; sourceTree = "<group>"; };
		245652771D4733CF00DBCB4F /* UIView+SZRecursiveDescription.h */ = {isa = PBXFileReference; fileEncoding = 4; lastKnownFileType = sourcecode.c.h; path = "UIView+SZRecursiveDescription.h"; sourceTree = "<group>"; };
		245652781D4733CF00DBCB4F /* UIView+SZRecursiveDescription.m */ = {isa = PBXFileReference; fileEncoding = 4; lastKnownFileType = sourcecode.c.objc; path = "UIView+SZRecursiveDescription.m"; sourceTree = "<group>"; };
		245652791D4733CF00DBCB4F /* UIView+SZTouchAreaExtend.h */ = {isa = PBXFileReference; fileEncoding = 4; lastKnownFileType = sourcecode.c.h; path = "UIView+SZTouchAreaExtend.h"; sourceTree = "<group>"; };
		2456527A1D4733CF00DBCB4F /* UIView+SZTouchAreaExtend.m */ = {isa = PBXFileReference; fileEncoding = 4; lastKnownFileType = sourcecode.c.objc; path = "UIView+SZTouchAreaExtend.m"; sourceTree = "<group>"; };
		2456527B1D4733CF00DBCB4F /* UIView+SZViewController.h */ = {isa = PBXFileReference; fileEncoding = 4; lastKnownFileType = sourcecode.c.h; path = "UIView+SZViewController.h"; sourceTree = "<group>"; };
		2456527C1D4733CF00DBCB4F /* UIView+SZViewController.m */ = {isa = PBXFileReference; fileEncoding = 4; lastKnownFileType = sourcecode.c.objc; path = "UIView+SZViewController.m"; sourceTree = "<group>"; };
		2456527D1D4733CF00DBCB4F /* UIView+SZVisuals.h */ = {isa = PBXFileReference; fileEncoding = 4; lastKnownFileType = sourcecode.c.h; path = "UIView+SZVisuals.h"; sourceTree = "<group>"; };
		2456527E1D4733CF00DBCB4F /* UIView+SZVisuals.m */ = {isa = PBXFileReference; fileEncoding = 4; lastKnownFileType = sourcecode.c.objc; path = "UIView+SZVisuals.m"; sourceTree = "<group>"; };
		245652801D4733CF00DBCB4F /* UIViewController+SZAlertSheet.h */ = {isa = PBXFileReference; fileEncoding = 4; lastKnownFileType = sourcecode.c.h; path = "UIViewController+SZAlertSheet.h"; sourceTree = "<group>"; };
		245652811D4733CF00DBCB4F /* UIViewController+SZAlertSheet.m */ = {isa = PBXFileReference; fileEncoding = 4; lastKnownFileType = sourcecode.c.objc; path = "UIViewController+SZAlertSheet.m"; sourceTree = "<group>"; };
		245652821D4733CF00DBCB4F /* UIViewController+SZStoryboard.h */ = {isa = PBXFileReference; fileEncoding = 4; lastKnownFileType = sourcecode.c.h; path = "UIViewController+SZStoryboard.h"; sourceTree = "<group>"; };
		245652831D4733CF00DBCB4F /* UIViewController+SZStoryboard.m */ = {isa = PBXFileReference; fileEncoding = 4; lastKnownFileType = sourcecode.c.objc; path = "UIViewController+SZStoryboard.m"; sourceTree = "<group>"; };
		245652841D4733CF00DBCB4F /* UIViewController+SZTakeOrPickPhoto.h */ = {isa = PBXFileReference; fileEncoding = 4; lastKnownFileType = sourcecode.c.h; path = "UIViewController+SZTakeOrPickPhoto.h"; sourceTree = "<group>"; };
		245652851D4733CF00DBCB4F /* UIViewController+SZTakeOrPickPhoto.m */ = {isa = PBXFileReference; fileEncoding = 4; lastKnownFileType = sourcecode.c.objc; path = "UIViewController+SZTakeOrPickPhoto.m"; sourceTree = "<group>"; };
		245652861D4733CF00DBCB4F /* UIViewController+SZVisible.h */ = {isa = PBXFileReference; fileEncoding = 4; lastKnownFileType = sourcecode.c.h; path = "UIViewController+SZVisible.h"; sourceTree = "<group>"; };
		245652871D4733CF00DBCB4F /* UIViewController+SZVisible.m */ = {isa = PBXFileReference; fileEncoding = 4; lastKnownFileType = sourcecode.c.objc; path = "UIViewController+SZVisible.m"; sourceTree = "<group>"; };
		245652891D4733CF00DBCB4F /* UIWindow+SZHierarchy.h */ = {isa = PBXFileReference; fileEncoding = 4; lastKnownFileType = sourcecode.c.h; path = "UIWindow+SZHierarchy.h"; sourceTree = "<group>"; };
		2456528A1D4733CF00DBCB4F /* UIWindow+SZHierarchy.m */ = {isa = PBXFileReference; fileEncoding = 4; lastKnownFileType = sourcecode.c.objc; path = "UIWindow+SZHierarchy.m"; sourceTree = "<group>"; };
		245652BE1D473BDE00DBCB4F /* NSString+SZFilePath.h */ = {isa = PBXFileReference; fileEncoding = 4; lastKnownFileType = sourcecode.c.h; path = "NSString+SZFilePath.h"; sourceTree = "<group>"; };
		245652BF1D473BDE00DBCB4F /* NSString+SZFilePath.m */ = {isa = PBXFileReference; fileEncoding = 4; lastKnownFileType = sourcecode.c.objc; path = "NSString+SZFilePath.m"; sourceTree = "<group>"; };
		247542941D19202C0081B821 /* SZCategories.app */ = {isa = PBXFileReference; explicitFileType = wrapper.application; includeInIndex = 0; path = SZCategories.app; sourceTree = BUILT_PRODUCTS_DIR; };
		247542981D19202C0081B821 /* main.m */ = {isa = PBXFileReference; lastKnownFileType = sourcecode.c.objc; path = main.m; sourceTree = "<group>"; };
		2475429A1D19202C0081B821 /* AppDelegate.h */ = {isa = PBXFileReference; lastKnownFileType = sourcecode.c.h; path = AppDelegate.h; sourceTree = "<group>"; };
		2475429B1D19202D0081B821 /* AppDelegate.m */ = {isa = PBXFileReference; lastKnownFileType = sourcecode.c.objc; path = AppDelegate.m; sourceTree = "<group>"; };
		2475429D1D19202D0081B821 /* ViewController.h */ = {isa = PBXFileReference; lastKnownFileType = sourcecode.c.h; path = ViewController.h; sourceTree = "<group>"; };
		2475429E1D19202D0081B821 /* ViewController.m */ = {isa = PBXFileReference; lastKnownFileType = sourcecode.c.objc; path = ViewController.m; sourceTree = "<group>"; };
		247542A11D19202D0081B821 /* Base */ = {isa = PBXFileReference; lastKnownFileType = file.storyboard; name = Base; path = Base.lproj/Main.storyboard; sourceTree = "<group>"; };
		247542A31D19202D0081B821 /* Assets.xcassets */ = {isa = PBXFileReference; lastKnownFileType = folder.assetcatalog; path = Assets.xcassets; sourceTree = "<group>"; };
		247542A61D19202D0081B821 /* Base */ = {isa = PBXFileReference; lastKnownFileType = file.storyboard; name = Base; path = Base.lproj/LaunchScreen.storyboard; sourceTree = "<group>"; };
		247542A81D19202D0081B821 /* Info.plist */ = {isa = PBXFileReference; lastKnownFileType = text.plist.xml; path = Info.plist; sourceTree = "<group>"; };
		247542AD1D19202D0081B821 /* SZCategories.xctest */ = {isa = PBXFileReference; explicitFileType = wrapper.cfbundle; includeInIndex = 0; path = SZCategories.xctest; sourceTree = BUILT_PRODUCTS_DIR; };
		247542B11D19202D0081B821 /* DemoTests.m */ = {isa = PBXFileReference; lastKnownFileType = sourcecode.c.objc; path = DemoTests.m; sourceTree = "<group>"; };
		247542B31D19202D0081B821 /* Info.plist */ = {isa = PBXFileReference; lastKnownFileType = text.plist.xml; path = Info.plist; sourceTree = "<group>"; };
		247542B81D19202D0081B821 /* SZCategories.xctest */ = {isa = PBXFileReference; explicitFileType = wrapper.cfbundle; includeInIndex = 0; path = SZCategories.xctest; sourceTree = BUILT_PRODUCTS_DIR; };
		247542BC1D19202D0081B821 /* DemoUITests.m */ = {isa = PBXFileReference; lastKnownFileType = sourcecode.c.objc; path = DemoUITests.m; sourceTree = "<group>"; };
		247542BE1D19202D0081B821 /* Info.plist */ = {isa = PBXFileReference; lastKnownFileType = text.plist.xml; path = Info.plist; sourceTree = "<group>"; };
		24BC06A11D76D28A00361C79 /* NSString+SZMoney.h */ = {isa = PBXFileReference; fileEncoding = 4; lastKnownFileType = sourcecode.c.h; path = "NSString+SZMoney.h"; sourceTree = "<group>"; };
		24BC06A21D76D28A00361C79 /* NSString+SZMoney.m */ = {isa = PBXFileReference; fileEncoding = 4; lastKnownFileType = sourcecode.c.objc; path = "NSString+SZMoney.m"; sourceTree = "<group>"; };
		24D3B60E1D503E3100A1C01C /* NSObject+SZNotification.h */ = {isa = PBXFileReference; fileEncoding = 4; lastKnownFileType = sourcecode.c.h; path = "NSObject+SZNotification.h"; sourceTree = "<group>"; };
		24D3B60F1D503E3100A1C01C /* NSObject+SZNotification.m */ = {isa = PBXFileReference; fileEncoding = 4; lastKnownFileType = sourcecode.c.objc; path = "NSObject+SZNotification.m"; sourceTree = "<group>"; };
		24D3B6111D50400E00A1C01C /* NSObject+SZKVO.h */ = {isa = PBXFileReference; fileEncoding = 4; lastKnownFileType = sourcecode.c.h; path = "NSObject+SZKVO.h"; sourceTree = "<group>"; };
		24D3B6121D50400E00A1C01C /* NSObject+SZKVO.m */ = {isa = PBXFileReference; fileEncoding = 4; lastKnownFileType = sourcecode.c.objc; path = "NSObject+SZKVO.m"; sourceTree = "<group>"; };
/* End PBXFileReference section */

/* Begin PBXFrameworksBuildPhase section */
		247542911D19202C0081B821 /* Frameworks */ = {
			isa = PBXFrameworksBuildPhase;
			buildActionMask = 2147483647;
			files = (
			);
			runOnlyForDeploymentPostprocessing = 0;
		};
		247542AA1D19202D0081B821 /* Frameworks */ = {
			isa = PBXFrameworksBuildPhase;
			buildActionMask = 2147483647;
			files = (
			);
			runOnlyForDeploymentPostprocessing = 0;
		};
		247542B51D19202D0081B821 /* Frameworks */ = {
			isa = PBXFrameworksBuildPhase;
			buildActionMask = 2147483647;
			files = (
			);
			runOnlyForDeploymentPostprocessing = 0;
		};
/* End PBXFrameworksBuildPhase section */

/* Begin PBXGroup section */
		24353EB61D65A106001CF108 /* UIControl */ = {
			isa = PBXGroup;
			children = (
				24353EBA1D65ACCB001CF108 /* UIControl+SZConstraintByTextInput.h */,
				24353EBB1D65ACCB001CF108 /* UIControl+SZConstraintByTextInput.m */,
			);
			path = UIControl;
			sourceTree = "<group>";
		};
		245652081D4733CF00DBCB4F /* SZCategories */ = {
			isa = PBXGroup;
			children = (
				2456523E1D4733CF00DBCB4F /* SZCategories.h */,
				245652091D4733CF00DBCB4F /* Foundation */,
				2456523F1D4733CF00DBCB4F /* UIKit */,
			);
			name = SZCategories;
			path = ../SZCategories;
			sourceTree = "<group>";
		};
		245652091D4733CF00DBCB4F /* Foundation */ = {
			isa = PBXGroup;
			children = (
				2456523D1D4733CF00DBCB4F /* SZFoundation.h */,
				2456520A1D4733CF00DBCB4F /* NSArray */,
				2456520D1D4733CF00DBCB4F /* NSBundle */,
				245652101D4733CF00DBCB4F /* NSData */,
				245652151D4733CF00DBCB4F /* NSDate */,
				245652181D4733CF00DBCB4F /* NSDictionary */,
				2456521B1D4733CF00DBCB4F /* NSFileManager */,
				2456521E1D4733CF00DBCB4F /* NSNumber */,
				245652211D4733CF00DBCB4F /* NSObject */,
				245652281D4733CF00DBCB4F /* NSString */,
			);
			path = Foundation;
			sourceTree = "<group>";
		};
		2456520A1D4733CF00DBCB4F /* NSArray */ = {
			isa = PBXGroup;
			children = (
				2456520B1D4733CF00DBCB4F /* NSArray+SZSafeAccess.h */,
				2456520C1D4733CF00DBCB4F /* NSArray+SZSafeAccess.m */,
			);
			path = NSArray;
			sourceTree = "<group>";
		};
		2456520D1D4733CF00DBCB4F /* NSBundle */ = {
			isa = PBXGroup;
			children = (
				2456520E1D4733CF00DBCB4F /* NSBundle+SZAppVersion.h */,
				2456520F1D4733CF00DBCB4F /* NSBundle+SZAppVersion.m */,
			);
			path = NSBundle;
			sourceTree = "<group>";
		};
		245652101D4733CF00DBCB4F /* NSData */ = {
			isa = PBXGroup;
			children = (
				245652111D4733CF00DBCB4F /* NSData+SZBase64.h */,
				245652121D4733CF00DBCB4F /* NSData+SZBase64.m */,
				245652131D4733CF00DBCB4F /* NSData+SZHash.h */,
				245652141D4733CF00DBCB4F /* NSData+SZHash.m */,
			);
			path = NSData;
			sourceTree = "<group>";
		};
		245652151D4733CF00DBCB4F /* NSDate */ = {
			isa = PBXGroup;
			children = (
				245652161D4733CF00DBCB4F /* NSDate+Helper.h */,
				245652171D4733CF00DBCB4F /* NSDate+Helper.m */,
			);
			path = NSDate;
			sourceTree = "<group>";
		};
		245652181D4733CF00DBCB4F /* NSDictionary */ = {
			isa = PBXGroup;
			children = (
				245652191D4733CF00DBCB4F /* NSDictionary+SZSafeAccess.h */,
				2456521A1D4733CF00DBCB4F /* NSDictionary+SZSafeAccess.m */,
			);
			path = NSDictionary;
			sourceTree = "<group>";
		};
		2456521B1D4733CF00DBCB4F /* NSFileManager */ = {
			isa = PBXGroup;
			children = (
				2456521C1D4733CF00DBCB4F /* NSFileManager+SZPaths.h */,
				2456521D1D4733CF00DBCB4F /* NSFileManager+SZPaths.m */,
			);
			path = NSFileManager;
			sourceTree = "<group>";
		};
		2456521E1D4733CF00DBCB4F /* NSNumber */ = {
			isa = PBXGroup;
			children = (
				2456521F1D4733CF00DBCB4F /* NSNumber+SZRound.h */,
				245652201D4733CF00DBCB4F /* NSNumber+SZRound.m */,
			);
			path = NSNumber;
			sourceTree = "<group>";
		};
		245652211D4733CF00DBCB4F /* NSObject */ = {
			isa = PBXGroup;
			children = (
				245652221D4733CF00DBCB4F /* NSObject+SZAssociatedObject.h */,
				245652231D4733CF00DBCB4F /* NSObject+SZAssociatedObject.m */,
				245652241D4733CF00DBCB4F /* NSObject+SZProperty.h */,
				245652251D4733CF00DBCB4F /* NSObject+SZProperty.m */,
				245652261D4733CF00DBCB4F /* NSObject+SZTimeProfile.h */,
				245652271D4733CF00DBCB4F /* NSObject+SZTimeProfile.m */,
				24D3B60E1D503E3100A1C01C /* NSObject+SZNotification.h */,
				24D3B60F1D503E3100A1C01C /* NSObject+SZNotification.m */,
				24D3B6111D50400E00A1C01C /* NSObject+SZKVO.h */,
				24D3B6121D50400E00A1C01C /* NSObject+SZKVO.m */,
			);
			path = NSObject;
			sourceTree = "<group>";
		};
		245652281D4733CF00DBCB4F /* NSString */ = {
			isa = PBXGroup;
			children = (
				245652291D4733CF00DBCB4F /* NSString+SZBase64.h */,
				2456522A1D4733CF00DBCB4F /* NSString+SZBase64.m */,
				2456522B1D4733CF00DBCB4F /* NSString+SZDigital.h */,
				2456522C1D4733CF00DBCB4F /* NSString+SZDigital.m */,
				2456522D1D4733CF00DBCB4F /* NSString+SZHash.h */,
				2456522E1D4733CF00DBCB4F /* NSString+SZHash.m */,
				2456522F1D4733CF00DBCB4F /* NSString+SZHTMLText.h */,
				245652301D4733CF00DBCB4F /* NSString+SZHTMLText.m */,
				245652311D4733CF00DBCB4F /* NSString+SZMD5.h */,
				245652321D4733CF00DBCB4F /* NSString+SZMD5.m */,
				245652331D4733CF00DBCB4F /* NSString+SZNull.h */,
				245652341D4733CF00DBCB4F /* NSString+SZNull.m */,
				245652351D4733CF00DBCB4F /* NSString+SZRegexCategory.h */,
				245652361D4733CF00DBCB4F /* NSString+SZRegexCategory.m */,
				245652371D4733CF00DBCB4F /* NSString+SZTrims.h */,
				245652381D4733CF00DBCB4F /* NSString+SZTrims.m */,
				245652391D4733CF00DBCB4F /* NSString+SZUrlEncode.h */,
				2456523A1D4733CF00DBCB4F /* NSString+SZUrlEncode.m */,
				2456523B1D4733CF00DBCB4F /* NSString+SZUtil.h */,
				2456523C1D4733CF00DBCB4F /* NSString+SZUtil.m */,
				245652BE1D473BDE00DBCB4F /* NSString+SZFilePath.h */,
				245652BF1D473BDE00DBCB4F /* NSString+SZFilePath.m */,
				24BC06A11D76D28A00361C79 /* NSString+SZMoney.h */,
				24BC06A21D76D28A00361C79 /* NSString+SZMoney.m */,
			);
			path = NSString;
			sourceTree = "<group>";
		};
		2456523F1D4733CF00DBCB4F /* UIKit */ = {
			isa = PBXGroup;
			children = (
				245652401D4733CF00DBCB4F /* SZUIKit.h */,
				245652411D4733CF00DBCB4F /* UIButton */,
				245652461D4733CF00DBCB4F /* UIColor */,
				24353EB61D65A106001CF108 /* UIControl */,
				2456524D1D4733CF00DBCB4F /* UIFont */,
				245652501D4733CF00DBCB4F /* UIImage */,
				245652551D4733CF00DBCB4F /* UILabel */,
				245652581D4733CF00DBCB4F /* UINavigationController */,
				2456525B1D4733CF00DBCB4F /* UIResponder */,
				2456525E1D4733CF00DBCB4F /* UIScrollView */,
				245652631D4733CF00DBCB4F /* UITableViewCell */,
				245652661D4733CF00DBCB4F /* UITextField */,
				245652691D4733CF00DBCB4F /* UITextView */,
				2456526C1D4733CF00DBCB4F /* UIView */,
				2456527F1D4733CF00DBCB4F /* UIViewController */,
				245652881D4733CF00DBCB4F /* UIWindow */,
			);
			path = UIKit;
			sourceTree = "<group>";
		};
		245652411D4733CF00DBCB4F /* UIButton */ = {
			isa = PBXGroup;
			children = (
				245652421D4733CF00DBCB4F /* UIButton+SZBackgroundColor.h */,
				245652431D4733CF00DBCB4F /* UIButton+SZBackgroundColor.m */,
				245652441D4733CF00DBCB4F /* UIButton+SZCountDown.h */,
				245652451D4733CF00DBCB4F /* UIButton+SZCountDown.m */,
			);
			path = UIButton;
			sourceTree = "<group>";
		};
		245652461D4733CF00DBCB4F /* UIColor */ = {
			isa = PBXGroup;
			children = (
				245652471D4733CF00DBCB4F /* UIColor+SZGradient.h */,
				245652481D4733CF00DBCB4F /* UIColor+SZGradient.m */,
				245652491D4733CF00DBCB4F /* UIColor+SZHEX.h */,
				2456524A1D4733CF00DBCB4F /* UIColor+SZHEX.m */,
				2456524B1D4733CF00DBCB4F /* UIColor+SZRandom.h */,
				2456524C1D4733CF00DBCB4F /* UIColor+SZRandom.m */,
			);
			path = UIColor;
			sourceTree = "<group>";
		};
		2456524D1D4733CF00DBCB4F /* UIFont */ = {
			isa = PBXGroup;
			children = (
				2456524E1D4733CF00DBCB4F /* UIFont+SZPrintAllFonts.h */,
				2456524F1D4733CF00DBCB4F /* UIFont+SZPrintAllFonts.m */,
			);
			path = UIFont;
			sourceTree = "<group>";
		};
		245652501D4733CF00DBCB4F /* UIImage */ = {
			isa = PBXGroup;
			children = (
				245652511D4733CF00DBCB4F /* UIImage+SZColorCreate.h */,
				245652521D4733CF00DBCB4F /* UIImage+SZColorCreate.m */,
				245652531D4733CF00DBCB4F /* UIImage+SZMerge.h */,
				245652541D4733CF00DBCB4F /* UIImage+SZMerge.m */,
			);
			path = UIImage;
			sourceTree = "<group>";
		};
		245652551D4733CF00DBCB4F /* UILabel */ = {
			isa = PBXGroup;
			children = (
				245652561D4733CF00DBCB4F /* UILabel+SZSuggestSize.h */,
				245652571D4733CF00DBCB4F /* UILabel+SZSuggestSize.m */,
			);
			path = UILabel;
			sourceTree = "<group>";
		};
		245652581D4733CF00DBCB4F /* UINavigationController */ = {
			isa = PBXGroup;
			children = (
				245652591D4733CF00DBCB4F /* UINavigationController+SZStackManager.h */,
				2456525A1D4733CF00DBCB4F /* UINavigationController+SZStackManager.m */,
			);
			path = UINavigationController;
			sourceTree = "<group>";
		};
		2456525B1D4733CF00DBCB4F /* UIResponder */ = {
			isa = PBXGroup;
			children = (
				2456525C1D4733CF00DBCB4F /* UIResponder+SZChain.h */,
				2456525D1D4733CF00DBCB4F /* UIResponder+SZChain.m */,
			);
			path = UIResponder;
			sourceTree = "<group>";
		};
		2456525E1D4733CF00DBCB4F /* UIScrollView */ = {
			isa = PBXGroup;
			children = (
				2456525F1D4733CF00DBCB4F /* UIScrollView+SZDirection.h */,
				245652601D4733CF00DBCB4F /* UIScrollView+SZDirection.m */,
				245652611D4733CF00DBCB4F /* UIScrollView+SZHasButton.h */,
				245652621D4733CF00DBCB4F /* UIScrollView+SZHasButton.m */,
			);
			path = UIScrollView;
			sourceTree = "<group>";
		};
		245652631D4733CF00DBCB4F /* UITableViewCell */ = {
			isa = PBXGroup;
			children = (
				245652641D4733CF00DBCB4F /* UITableViewCell+SZFindTableView.h */,
				245652651D4733CF00DBCB4F /* UITableViewCell+SZFindTableView.m */,
			);
			path = UITableViewCell;
			sourceTree = "<group>";
		};
		245652661D4733CF00DBCB4F /* UITextField */ = {
			isa = PBXGroup;
			children = (
				245652671D4733CF00DBCB4F /* UITextField+SZSelect.h */,
				245652681D4733CF00DBCB4F /* UITextField+SZSelect.m */,
			);
			path = UITextField;
			sourceTree = "<group>";
		};
		245652691D4733CF00DBCB4F /* UITextView */ = {
			isa = PBXGroup;
			children = (
				2456526A1D4733CF00DBCB4F /* UITextView+SZSelect.h */,
				2456526B1D4733CF00DBCB4F /* UITextView+SZSelect.m */,
			);
			path = UITextView;
			sourceTree = "<group>";
		};
		2456526C1D4733CF00DBCB4F /* UIView */ = {
			isa = PBXGroup;
			children = (
				2456526D1D4733CF00DBCB4F /* UIView+SZAlignment.h */,
				2456526E1D4733CF00DBCB4F /* UIView+SZAlignment.m */,
				2456526F1D4733CF00DBCB4F /* UIView+SZcaptureImage.h */,
				245652701D4733CF00DBCB4F /* UIView+SZcaptureImage.m */,
				245652711D4733CF00DBCB4F /* UIView+SZFrameHelper.h */,
				245652721D4733CF00DBCB4F /* UIView+SZFrameHelper.m */,
				245652731D4733CF00DBCB4F /* UIView+SZmimicKeyboard.h */,
				245652741D4733CF00DBCB4F /* UIView+SZmimicKeyboard.m */,
				245652751D4733CF00DBCB4F /* UIView+SZNib.h */,
				245652761D4733CF00DBCB4F /* UIView+SZNib.m */,
				245652771D4733CF00DBCB4F /* UIView+SZRecursiveDescription.h */,
				245652781D4733CF00DBCB4F /* UIView+SZRecursiveDescription.m */,
				245652791D4733CF00DBCB4F /* UIView+SZTouchAreaExtend.h */,
				2456527A1D4733CF00DBCB4F /* UIView+SZTouchAreaExtend.m */,
				2456527B1D4733CF00DBCB4F /* UIView+SZViewController.h */,
				2456527C1D4733CF00DBCB4F /* UIView+SZViewController.m */,
				2456527D1D4733CF00DBCB4F /* UIView+SZVisuals.h */,
				2456527E1D4733CF00DBCB4F /* UIView+SZVisuals.m */,
			);
			path = UIView;
			sourceTree = "<group>";
		};
		2456527F1D4733CF00DBCB4F /* UIViewController */ = {
			isa = PBXGroup;
			children = (
				245652801D4733CF00DBCB4F /* UIViewController+SZAlertSheet.h */,
				245652811D4733CF00DBCB4F /* UIViewController+SZAlertSheet.m */,
				245652821D4733CF00DBCB4F /* UIViewController+SZStoryboard.h */,
				245652831D4733CF00DBCB4F /* UIViewController+SZStoryboard.m */,
				245652841D4733CF00DBCB4F /* UIViewController+SZTakeOrPickPhoto.h */,
				245652851D4733CF00DBCB4F /* UIViewController+SZTakeOrPickPhoto.m */,
				245652861D4733CF00DBCB4F /* UIViewController+SZVisible.h */,
				245652871D4733CF00DBCB4F /* UIViewController+SZVisible.m */,
			);
			path = UIViewController;
			sourceTree = "<group>";
		};
		245652881D4733CF00DBCB4F /* UIWindow */ = {
			isa = PBXGroup;
			children = (
				245652891D4733CF00DBCB4F /* UIWindow+SZHierarchy.h */,
				2456528A1D4733CF00DBCB4F /* UIWindow+SZHierarchy.m */,
			);
			path = UIWindow;
			sourceTree = "<group>";
		};
		2475428B1D19202C0081B821 = {
			isa = PBXGroup;
			children = (
				245652081D4733CF00DBCB4F /* SZCategories */,
				247542961D19202C0081B821 /* Demo */,
				247542B01D19202D0081B821 /* DemoTests */,
				247542BB1D19202D0081B821 /* DemoUITests */,
				247542951D19202C0081B821 /* Products */,
			);
			sourceTree = "<group>";
		};
		247542951D19202C0081B821 /* Products */ = {
			isa = PBXGroup;
			children = (
				247542941D19202C0081B821 /* SZCategories.app */,
				247542AD1D19202D0081B821 /* SZCategories.xctest */,
				247542B81D19202D0081B821 /* SZCategories.xctest */,
			);
			name = Products;
			sourceTree = "<group>";
		};
		247542961D19202C0081B821 /* Demo */ = {
			isa = PBXGroup;
			children = (
				2475429A1D19202C0081B821 /* AppDelegate.h */,
				2475429B1D19202D0081B821 /* AppDelegate.m */,
				2475429D1D19202D0081B821 /* ViewController.h */,
				2475429E1D19202D0081B821 /* ViewController.m */,
				247542A01D19202D0081B821 /* Main.storyboard */,
				247542A31D19202D0081B821 /* Assets.xcassets */,
				247542A51D19202D0081B821 /* LaunchScreen.storyboard */,
				247542A81D19202D0081B821 /* Info.plist */,
				247542971D19202C0081B821 /* Supporting Files */,
			);
			path = Demo;
			sourceTree = "<group>";
		};
		247542971D19202C0081B821 /* Supporting Files */ = {
			isa = PBXGroup;
			children = (
				247542981D19202C0081B821 /* main.m */,
			);
			name = "Supporting Files";
			sourceTree = "<group>";
		};
		247542B01D19202D0081B821 /* DemoTests */ = {
			isa = PBXGroup;
			children = (
				247542B11D19202D0081B821 /* DemoTests.m */,
				247542B31D19202D0081B821 /* Info.plist */,
			);
			path = DemoTests;
			sourceTree = "<group>";
		};
		247542BB1D19202D0081B821 /* DemoUITests */ = {
			isa = PBXGroup;
			children = (
				247542BC1D19202D0081B821 /* DemoUITests.m */,
				247542BE1D19202D0081B821 /* Info.plist */,
			);
			path = DemoUITests;
			sourceTree = "<group>";
		};
/* End PBXGroup section */

/* Begin PBXNativeTarget section */
		247542931D19202C0081B821 /* SZCategories */ = {
			isa = PBXNativeTarget;
			buildConfigurationList = 247542C11D19202D0081B821 /* Build configuration list for PBXNativeTarget "SZCategories" */;
			buildPhases = (
				247542901D19202C0081B821 /* Sources */,
				247542911D19202C0081B821 /* Frameworks */,
				247542921D19202C0081B821 /* Resources */,
			);
			buildRules = (
			);
			dependencies = (
			);
			name = SZCategories;
			productName = Demo;
			productReference = 247542941D19202C0081B821 /* SZCategories.app */;
			productType = "com.apple.product-type.application";
		};
		247542AC1D19202D0081B821 /* SZCategoriesTests */ = {
			isa = PBXNativeTarget;
			buildConfigurationList = 247542C41D19202D0081B821 /* Build configuration list for PBXNativeTarget "SZCategoriesTests" */;
			buildPhases = (
				247542A91D19202D0081B821 /* Sources */,
				247542AA1D19202D0081B821 /* Frameworks */,
				247542AB1D19202D0081B821 /* Resources */,
			);
			buildRules = (
			);
			dependencies = (
				247542AF1D19202D0081B821 /* PBXTargetDependency */,
			);
			name = SZCategoriesTests;
			productName = DemoTests;
			productReference = 247542AD1D19202D0081B821 /* SZCategories.xctest */;
			productType = "com.apple.product-type.bundle.unit-test";
		};
		247542B71D19202D0081B821 /* SZCategoriesUITests */ = {
			isa = PBXNativeTarget;
			buildConfigurationList = 247542C71D19202D0081B821 /* Build configuration list for PBXNativeTarget "SZCategoriesUITests" */;
			buildPhases = (
				247542B41D19202D0081B821 /* Sources */,
				247542B51D19202D0081B821 /* Frameworks */,
				247542B61D19202D0081B821 /* Resources */,
			);
			buildRules = (
			);
			dependencies = (
				247542BA1D19202D0081B821 /* PBXTargetDependency */,
			);
			name = SZCategoriesUITests;
			productName = DemoUITests;
			productReference = 247542B81D19202D0081B821 /* SZCategories.xctest */;
			productType = "com.apple.product-type.bundle.ui-testing";
		};
/* End PBXNativeTarget section */

/* Begin PBXProject section */
		2475428C1D19202C0081B821 /* Project object */ = {
			isa = PBXProject;
			attributes = {
				LastUpgradeCheck = 0730;
				ORGANIZATIONNAME = "陈圣治";
				TargetAttributes = {
					247542931D19202C0081B821 = {
						CreatedOnToolsVersion = 7.3.1;
					};
					247542AC1D19202D0081B821 = {
						CreatedOnToolsVersion = 7.3.1;
						TestTargetID = 247542931D19202C0081B821;
					};
					247542B71D19202D0081B821 = {
						CreatedOnToolsVersion = 7.3.1;
						TestTargetID = 247542931D19202C0081B821;
					};
				};
			};
			buildConfigurationList = 2475428F1D19202C0081B821 /* Build configuration list for PBXProject "SZCategories" */;
			compatibilityVersion = "Xcode 3.2";
			developmentRegion = English;
			hasScannedForEncodings = 0;
			knownRegions = (
				en,
				Base,
			);
			mainGroup = 2475428B1D19202C0081B821;
			productRefGroup = 247542951D19202C0081B821 /* Products */;
			projectDirPath = "";
			projectRoot = "";
			targets = (
				247542931D19202C0081B821 /* SZCategories */,
				247542AC1D19202D0081B821 /* SZCategoriesTests */,
				247542B71D19202D0081B821 /* SZCategoriesUITests */,
			);
		};
/* End PBXProject section */

/* Begin PBXResourcesBuildPhase section */
		247542921D19202C0081B821 /* Resources */ = {
			isa = PBXResourcesBuildPhase;
			buildActionMask = 2147483647;
			files = (
				247542A71D19202D0081B821 /* LaunchScreen.storyboard in Resources */,
				247542A41D19202D0081B821 /* Assets.xcassets in Resources */,
				247542A21D19202D0081B821 /* Main.storyboard in Resources */,
			);
			runOnlyForDeploymentPostprocessing = 0;
		};
		247542AB1D19202D0081B821 /* Resources */ = {
			isa = PBXResourcesBuildPhase;
			buildActionMask = 2147483647;
			files = (
			);
			runOnlyForDeploymentPostprocessing = 0;
		};
		247542B61D19202D0081B821 /* Resources */ = {
			isa = PBXResourcesBuildPhase;
			buildActionMask = 2147483647;
			files = (
			);
			runOnlyForDeploymentPostprocessing = 0;
		};
/* End PBXResourcesBuildPhase section */

/* Begin PBXSourcesBuildPhase section */
		247542901D19202C0081B821 /* Sources */ = {
			isa = PBXSourcesBuildPhase;
			buildActionMask = 2147483647;
			files = (
				245652A21D4733CF00DBCB4F /* UIColor+SZGradient.m in Sources */,
				245652991D4733CF00DBCB4F /* NSString+SZHTMLText.m in Sources */,
				2475429F1D19202D0081B821 /* ViewController.m in Sources */,
				245652BB1D4733CF00DBCB4F /* UIViewController+SZTakeOrPickPhoto.m in Sources */,
				2475429C1D19202D0081B821 /* AppDelegate.m in Sources */,
				2456528B1D4733CF00DBCB4F /* NSArray+SZSafeAccess.m in Sources */,
				2456529D1D4733CF00DBCB4F /* NSString+SZTrims.m in Sources */,
				2456528F1D4733CF00DBCB4F /* NSDate+Helper.m in Sources */,
				24D3B6131D50400E00A1C01C /* NSObject+SZKVO.m in Sources */,
				245652911D4733CF00DBCB4F /* NSFileManager+SZPaths.m in Sources */,
				245652B81D4733CF00DBCB4F /* UIView+SZVisuals.m in Sources */,
				245652A61D4733CF00DBCB4F /* UIImage+SZColorCreate.m in Sources */,
				2456528E1D4733CF00DBCB4F /* NSData+SZHash.m in Sources */,
				2456529B1D4733CF00DBCB4F /* NSString+SZNull.m in Sources */,
				245652AA1D4733CF00DBCB4F /* UIResponder+SZChain.m in Sources */,
				247542991D19202C0081B821 /* main.m in Sources */,
				2456529E1D4733CF00DBCB4F /* NSString+SZUrlEncode.m in Sources */,
				245652AC1D4733CF00DBCB4F /* UIScrollView+SZHasButton.m in Sources */,
				245652B51D4733CF00DBCB4F /* UIView+SZRecursiveDescription.m in Sources */,
				245652951D4733CF00DBCB4F /* NSObject+SZTimeProfile.m in Sources */,
				24D3B6101D503E3100A1C01C /* NSObject+SZNotification.m in Sources */,
				2456528D1D4733CF00DBCB4F /* NSData+SZBase64.m in Sources */,
				2456528C1D4733CF00DBCB4F /* NSBundle+SZAppVersion.m in Sources */,
				245652B41D4733CF00DBCB4F /* UIView+SZNib.m in Sources */,
				245652B71D4733CF00DBCB4F /* UIView+SZViewController.m in Sources */,
				245652901D4733CF00DBCB4F /* NSDictionary+SZSafeAccess.m in Sources */,
				245652AB1D4733CF00DBCB4F /* UIScrollView+SZDirection.m in Sources */,
				245652B11D4733CF00DBCB4F /* UIView+SZcaptureImage.m in Sources */,
				245652A41D4733CF00DBCB4F /* UIColor+SZRandom.m in Sources */,
				245652B91D4733CF00DBCB4F /* UIViewController+SZAlertSheet.m in Sources */,
				245652961D4733CF00DBCB4F /* NSString+SZBase64.m in Sources */,
				24BC06A31D76D28A00361C79 /* NSString+SZMoney.m in Sources */,
				245652AF1D4733CF00DBCB4F /* UITextView+SZSelect.m in Sources */,
				245652BD1D4733CF00DBCB4F /* UIWindow+SZHierarchy.m in Sources */,
				245652B61D4733CF00DBCB4F /* UIView+SZTouchAreaExtend.m in Sources */,
				245652B21D4733CF00DBCB4F /* UIView+SZFrameHelper.m in Sources */,
				245652B01D4733CF00DBCB4F /* UIView+SZAlignment.m in Sources */,
				2456529C1D4733CF00DBCB4F /* NSString+SZRegexCategory.m in Sources */,
				245652921D4733CF00DBCB4F /* NSNumber+SZRound.m in Sources */,
				24353EBC1D65ACCB001CF108 /* UIControl+SZConstraintByTextInput.m in Sources */,
				245652A71D4733CF00DBCB4F /* UIImage+SZMerge.m in Sources */,
				245652A81D4733CF00DBCB4F /* UILabel+SZSuggestSize.m in Sources */,
				2456529F1D4733CF00DBCB4F /* NSString+SZUtil.m in Sources */,
				245652C01D473BDE00DBCB4F /* NSString+SZFilePath.m in Sources */,
				245652A31D4733CF00DBCB4F /* UIColor+SZHEX.m in Sources */,
				245652971D4733CF00DBCB4F /* NSString+SZDigital.m in Sources */,
				2456529A1D4733CF00DBCB4F /* NSString+SZMD5.m in Sources */,
				245652BA1D4733CF00DBCB4F /* UIViewController+SZStoryboard.m in Sources */,
				245652931D4733CF00DBCB4F /* NSObject+SZAssociatedObject.m in Sources */,
				245652A11D4733CF00DBCB4F /* UIButton+SZCountDown.m in Sources */,
				245652AE1D4733CF00DBCB4F /* UITextField+SZSelect.m in Sources */,
				245652BC1D4733CF00DBCB4F /* UIViewController+SZVisible.m in Sources */,
				245652A01D4733CF00DBCB4F /* UIButton+SZBackgroundColor.m in Sources */,
				245652941D4733CF00DBCB4F /* NSObject+SZProperty.m in Sources */,
				245652A51D4733CF00DBCB4F /* UIFont+SZPrintAllFonts.m in Sources */,
				245652B31D4733CF00DBCB4F /* UIView+SZmimicKeyboard.m in Sources */,
				245652AD1D4733CF00DBCB4F /* UITableViewCell+SZFindTableView.m in Sources */,
				245652981D4733CF00DBCB4F /* NSString+SZHash.m in Sources */,
				245652A91D4733CF00DBCB4F /* UINavigationController+SZStackManager.m in Sources */,
			);
			runOnlyForDeploymentPostprocessing = 0;
		};
		247542A91D19202D0081B821 /* Sources */ = {
			isa = PBXSourcesBuildPhase;
			buildActionMask = 2147483647;
			files = (
				247542B21D19202D0081B821 /* DemoTests.m in Sources */,
			);
			runOnlyForDeploymentPostprocessing = 0;
		};
		247542B41D19202D0081B821 /* Sources */ = {
			isa = PBXSourcesBuildPhase;
			buildActionMask = 2147483647;
			files = (
				247542BD1D19202D0081B821 /* DemoUITests.m in Sources */,
			);
			runOnlyForDeploymentPostprocessing = 0;
		};
/* End PBXSourcesBuildPhase section */

/* Begin PBXTargetDependency section */
		247542AF1D19202D0081B821 /* PBXTargetDependency */ = {
			isa = PBXTargetDependency;
			target = 247542931D19202C0081B821 /* SZCategories */;
			targetProxy = 247542AE1D19202D0081B821 /* PBXContainerItemProxy */;
		};
		247542BA1D19202D0081B821 /* PBXTargetDependency */ = {
			isa = PBXTargetDependency;
			target = 247542931D19202C0081B821 /* SZCategories */;
			targetProxy = 247542B91D19202D0081B821 /* PBXContainerItemProxy */;
		};
/* End PBXTargetDependency section */

/* Begin PBXVariantGroup section */
		247542A01D19202D0081B821 /* Main.storyboard */ = {
			isa = PBXVariantGroup;
			children = (
				247542A11D19202D0081B821 /* Base */,
			);
			name = Main.storyboard;
			sourceTree = "<group>";
		};
		247542A51D19202D0081B821 /* LaunchScreen.storyboard */ = {
			isa = PBXVariantGroup;
			children = (
				247542A61D19202D0081B821 /* Base */,
			);
			name = LaunchScreen.storyboard;
			sourceTree = "<group>";
		};
/* End PBXVariantGroup section */

/* Begin XCBuildConfiguration section */
		247542BF1D19202D0081B821 /* Debug */ = {
			isa = XCBuildConfiguration;
			buildSettings = {
				ALWAYS_SEARCH_USER_PATHS = NO;
				CLANG_ANALYZER_NONNULL = YES;
				CLANG_CXX_LANGUAGE_STANDARD = "gnu++0x";
				CLANG_CXX_LIBRARY = "libc++";
				CLANG_ENABLE_MODULES = YES;
				CLANG_ENABLE_OBJC_ARC = YES;
				CLANG_WARN_BOOL_CONVERSION = YES;
				CLANG_WARN_CONSTANT_CONVERSION = YES;
				CLANG_WARN_DIRECT_OBJC_ISA_USAGE = YES_ERROR;
				CLANG_WARN_EMPTY_BODY = YES;
				CLANG_WARN_ENUM_CONVERSION = YES;
				CLANG_WARN_INT_CONVERSION = YES;
				CLANG_WARN_OBJC_ROOT_CLASS = YES_ERROR;
				CLANG_WARN_UNREACHABLE_CODE = YES;
				CLANG_WARN__DUPLICATE_METHOD_MATCH = YES;
				"CODE_SIGN_IDENTITY[sdk=iphoneos*]" = "iPhone Developer";
				COPY_PHASE_STRIP = NO;
				DEBUG_INFORMATION_FORMAT = dwarf;
				ENABLE_STRICT_OBJC_MSGSEND = YES;
				ENABLE_TESTABILITY = YES;
				GCC_C_LANGUAGE_STANDARD = gnu99;
				GCC_DYNAMIC_NO_PIC = NO;
				GCC_NO_COMMON_BLOCKS = YES;
				GCC_OPTIMIZATION_LEVEL = 0;
				GCC_PREPROCESSOR_DEFINITIONS = (
					"DEBUG=1",
					"$(inherited)",
				);
				GCC_WARN_64_TO_32_BIT_CONVERSION = YES;
				GCC_WARN_ABOUT_RETURN_TYPE = YES_ERROR;
				GCC_WARN_UNDECLARED_SELECTOR = YES;
				GCC_WARN_UNINITIALIZED_AUTOS = YES_AGGRESSIVE;
				GCC_WARN_UNUSED_FUNCTION = YES;
				GCC_WARN_UNUSED_VARIABLE = YES;
				IPHONEOS_DEPLOYMENT_TARGET = 7.0;
				MTL_ENABLE_DEBUG_INFO = YES;
				ONLY_ACTIVE_ARCH = YES;
				SDKROOT = iphoneos;
			};
			name = Debug;
		};
		247542C01D19202D0081B821 /* Release */ = {
			isa = XCBuildConfiguration;
			buildSettings = {
				ALWAYS_SEARCH_USER_PATHS = NO;
				CLANG_ANALYZER_NONNULL = YES;
				CLANG_CXX_LANGUAGE_STANDARD = "gnu++0x";
				CLANG_CXX_LIBRARY = "libc++";
				CLANG_ENABLE_MODULES = YES;
				CLANG_ENABLE_OBJC_ARC = YES;
				CLANG_WARN_BOOL_CONVERSION = YES;
				CLANG_WARN_CONSTANT_CONVERSION = YES;
				CLANG_WARN_DIRECT_OBJC_ISA_USAGE = YES_ERROR;
				CLANG_WARN_EMPTY_BODY = YES;
				CLANG_WARN_ENUM_CONVERSION = YES;
				CLANG_WARN_INT_CONVERSION = YES;
				CLANG_WARN_OBJC_ROOT_CLASS = YES_ERROR;
				CLANG_WARN_UNREACHABLE_CODE = YES;
				CLANG_WARN__DUPLICATE_METHOD_MATCH = YES;
				"CODE_SIGN_IDENTITY[sdk=iphoneos*]" = "iPhone Developer";
				COPY_PHASE_STRIP = NO;
				DEBUG_INFORMATION_FORMAT = "dwarf-with-dsym";
				ENABLE_NS_ASSERTIONS = NO;
				ENABLE_STRICT_OBJC_MSGSEND = YES;
				GCC_C_LANGUAGE_STANDARD = gnu99;
				GCC_NO_COMMON_BLOCKS = YES;
				GCC_WARN_64_TO_32_BIT_CONVERSION = YES;
				GCC_WARN_ABOUT_RETURN_TYPE = YES_ERROR;
				GCC_WARN_UNDECLARED_SELECTOR = YES;
				GCC_WARN_UNINITIALIZED_AUTOS = YES_AGGRESSIVE;
				GCC_WARN_UNUSED_FUNCTION = YES;
				GCC_WARN_UNUSED_VARIABLE = YES;
				IPHONEOS_DEPLOYMENT_TARGET = 7.0;
				MTL_ENABLE_DEBUG_INFO = NO;
				SDKROOT = iphoneos;
				VALIDATE_PRODUCT = YES;
			};
			name = Release;
		};
		247542C21D19202D0081B821 /* Debug */ = {
			isa = XCBuildConfiguration;
			buildSettings = {
				ASSETCATALOG_COMPILER_APPICON_NAME = AppIcon;
				DEVELOPMENT_TEAM = "";
				INFOPLIST_FILE = Demo/Info.plist;
				LD_RUNPATH_SEARCH_PATHS = "$(inherited) @executable_path/Frameworks";
				PRODUCT_BUNDLE_IDENTIFIER = csz.Demo;
				PRODUCT_NAME = SZCategories;
			};
			name = Debug;
		};
		247542C31D19202D0081B821 /* Release */ = {
			isa = XCBuildConfiguration;
			buildSettings = {
				ASSETCATALOG_COMPILER_APPICON_NAME = AppIcon;
				DEVELOPMENT_TEAM = "";
				INFOPLIST_FILE = Demo/Info.plist;
				LD_RUNPATH_SEARCH_PATHS = "$(inherited) @executable_path/Frameworks";
				PRODUCT_BUNDLE_IDENTIFIER = csz.Demo;
				PRODUCT_NAME = SZCategories;
			};
			name = Release;
		};
		247542C51D19202D0081B821 /* Debug */ = {
			isa = XCBuildConfiguration;
			buildSettings = {
				BUNDLE_LOADER = "$(TEST_HOST)";
				INFOPLIST_FILE = DemoTests/Info.plist;
				LD_RUNPATH_SEARCH_PATHS = "$(inherited) @executable_path/Frameworks @loader_path/Frameworks";
				PRODUCT_BUNDLE_IDENTIFIER = csz.DemoTests;
				PRODUCT_NAME = SZCategories;
				TEST_HOST = "$(BUILT_PRODUCTS_DIR)/SZCategories.app/SZCategories";
			};
			name = Debug;
		};
		247542C61D19202D0081B821 /* Release */ = {
			isa = XCBuildConfiguration;
			buildSettings = {
				BUNDLE_LOADER = "$(TEST_HOST)";
				INFOPLIST_FILE = DemoTests/Info.plist;
				LD_RUNPATH_SEARCH_PATHS = "$(inherited) @executable_path/Frameworks @loader_path/Frameworks";
				PRODUCT_BUNDLE_IDENTIFIER = csz.DemoTests;
				PRODUCT_NAME = SZCategories;
				TEST_HOST = "$(BUILT_PRODUCTS_DIR)/SZCategories.app/SZCategories";
			};
			name = Release;
		};
		247542C81D19202D0081B821 /* Debug */ = {
			isa = XCBuildConfiguration;
			buildSettings = {
				INFOPLIST_FILE = DemoUITests/Info.plist;
				LD_RUNPATH_SEARCH_PATHS = "$(inherited) @executable_path/Frameworks @loader_path/Frameworks";
				PRODUCT_BUNDLE_IDENTIFIER = csz.DemoUITests;
				PRODUCT_NAME = SZCategories;
				TEST_TARGET_NAME = Demo;
			};
			name = Debug;
		};
		247542C91D19202D0081B821 /* Release */ = {
			isa = XCBuildConfiguration;
			buildSettings = {
				INFOPLIST_FILE = DemoUITests/Info.plist;
				LD_RUNPATH_SEARCH_PATHS = "$(inherited) @executable_path/Frameworks @loader_path/Frameworks";
				PRODUCT_BUNDLE_IDENTIFIER = csz.DemoUITests;
				PRODUCT_NAME = SZCategories;
				TEST_TARGET_NAME = Demo;
			};
			name = Release;
		};
/* End XCBuildConfiguration section */

/* Begin XCConfigurationList section */
		2475428F1D19202C0081B821 /* Build configuration list for PBXProject "SZCategories" */ = {
			isa = XCConfigurationList;
			buildConfigurations = (
				247542BF1D19202D0081B821 /* Debug */,
				247542C01D19202D0081B821 /* Release */,
			);
			defaultConfigurationIsVisible = 0;
			defaultConfigurationName = Release;
		};
		247542C11D19202D0081B821 /* Build configuration list for PBXNativeTarget "SZCategories" */ = {
			isa = XCConfigurationList;
			buildConfigurations = (
				247542C21D19202D0081B821 /* Debug */,
				247542C31D19202D0081B821 /* Release */,
			);
			defaultConfigurationIsVisible = 0;
			defaultConfigurationName = Release;
		};
		247542C41D19202D0081B821 /* Build configuration list for PBXNativeTarget "SZCategoriesTests" */ = {
			isa = XCConfigurationList;
			buildConfigurations = (
				247542C51D19202D0081B821 /* Debug */,
				247542C61D19202D0081B821 /* Release */,
			);
			defaultConfigurationIsVisible = 0;
			defaultConfigurationName = Release;
		};
		247542C71D19202D0081B821 /* Build configuration list for PBXNativeTarget "SZCategoriesUITests" */ = {
			isa = XCConfigurationList;
			buildConfigurations = (
				247542C81D19202D0081B821 /* Debug */,
				247542C91D19202D0081B821 /* Release */,
			);
			defaultConfigurationIsVisible = 0;
			defaultConfigurationName = Release;
		};
/* End XCConfigurationList section */
	};
	rootObject = 2475428C1D19202C0081B821 /* Project object */;
}
